
Microsoft Visual Studio Solution File, Format Version 12.00
# Visual Studio Version 17
VisualStudioVersion = 17.7.34024.191
MinimumVisualStudioVersion = 10.0.40219.1
Project("{FAE04EC0-301F-11D3-BF4B-00C04F79EFBC}") = "AlgorithmsTheoryNumber", "AlgorithmsTheoryNumber.csproj", "{26EFDECD-AC18-4AF9-977A-9629B9ABDC49}"
EndProject
Global
	GlobalSection(SolutionConfigurationPlatforms) = preSolution
		Debug|Any CPU = Debug|Any CPU
		Release|Any CPU = Release|Any CPU
	EndGlobalSection
	GlobalSection(ProjectConfigurationPlatforms) = postSolution
		{26EFDECD-AC18-4AF9-977A-9629B9ABDC49}.Debug|Any CPU.ActiveCfg = Debug|Any CPU
		{26EFDECD-AC18-4AF9-977A-9629B9ABDC49}.Debug|Any CPU.Build.0 = Debug|Any CPU
		{26EFDECD-AC18-4AF9-977A-9629B9ABDC49}.Release|Any CPU.ActiveCfg = Release|Any CPU
		{26EFDECD-AC18-4AF9-977A-9629B9ABDC49}.Release|Any CPU.Build.0 = Release|Any CPU
	EndGlobalSection
	GlobalSection(SolutionProperties) = preSolution
		HideSolutionNode = FALSE
	EndGlobalSection
	GlobalSection(ExtensibilityGlobals) = postSolution
		SolutionGuid = {26FF5439-4998-4088-A090-5E3BDDB5C317}
	EndGlobalSection
EndGlobal
